
Microsoft Visual Studio Solution File, Format Version 12.00
# Visual Studio 2017
Project("{FAE04EC0-301F-11D3-BF4B-00C04F79EFBC}") = "FarmGame", "FarmGame.csproj", "{EDA0E155-EB05-C1BC-E5A2-CEE5FD25D67A}"
EndProject
Global
	GlobalSection(SolutionConfigurationPlatforms) = preSolution
		Debug|Any CPU = Debug|Any CPU
		Release|Any CPU = Release|Any CPU
	EndGlobalSection
	GlobalSection(ProjectConfigurationPlatforms) = postSolution
		{EDA0E155-EB05-C1BC-E5A2-CEE5FD25D67A}.Debug|Any CPU.ActiveCfg = Debug|Any CPU
		{EDA0E155-EB05-C1BC-E5A2-CEE5FD25D67A}.Debug|Any CPU.Build.0 = Debug|Any CPU
		{EDA0E155-EB05-C1BC-E5A2-CEE5FD25D67A}.Release|Any CPU.ActiveCfg = Release|Any CPU
		{EDA0E155-EB05-C1BC-E5A2-CEE5FD25D67A}.Release|Any CPU.Build.0 = Release|Any CPU
	EndGlobalSection
	GlobalSection(SolutionProperties) = preSolution
		HideSolutionNode = FALSE
	EndGlobalSection
EndGlobal
